
Microsoft Visual Studio Solution File, Format Version 12.00
# Visual Studio Version 16
VisualStudioVersion = 16.0.30907.101
MinimumVisualStudioVersion = 10.0.40219.1
Project("{9A19103F-16F7-4668-BE54-9A1E7A4F7556}") = "Uppgift 5 Garage", "Uppgift 5 Garage\Uppgift 5 Garage.csproj", "{087BF797-9D54-44EB-B69B-50777BFB7E18}"
EndProject
Project("{FAE04EC0-301F-11D3-BF4B-00C04F79EFBC}") = "GarageTest", "GarageTest\GarageTest.csproj", "{8FC6E155-1D74-49AD-B699-3464FC2992FE}"
EndProject
Global
	GlobalSection(SolutionConfigurationPlatforms) = preSolution
		Debug|Any CPU = Debug|Any CPU
		Release|Any CPU = Release|Any CPU
	EndGlobalSection
	GlobalSection(ProjectConfigurationPlatforms) = postSolution
		{087BF797-9D54-44EB-B69B-50777BFB7E18}.Debug|Any CPU.ActiveCfg = Debug|Any CPU
		{087BF797-9D54-44EB-B69B-50777BFB7E18}.Debug|Any CPU.Build.0 = Debug|Any CPU
		{087BF797-9D54-44EB-B69B-50777BFB7E18}.Release|Any CPU.ActiveCfg = Release|Any CPU
		{087BF797-9D54-44EB-B69B-50777BFB7E18}.Release|Any CPU.Build.0 = Release|Any CPU
		{8FC6E155-1D74-49AD-B699-3464FC2992FE}.Debug|Any CPU.ActiveCfg = Debug|Any CPU
		{8FC6E155-1D74-49AD-B699-3464FC2992FE}.Debug|Any CPU.Build.0 = Debug|Any CPU
		{8FC6E155-1D74-49AD-B699-3464FC2992FE}.Release|Any CPU.ActiveCfg = Release|Any CPU
		{8FC6E155-1D74-49AD-B699-3464FC2992FE}.Release|Any CPU.Build.0 = Release|Any CPU
	EndGlobalSection
	GlobalSection(SolutionProperties) = preSolution
		HideSolutionNode = FALSE
	EndGlobalSection
	GlobalSection(ExtensibilityGlobals) = postSolution
		SolutionGuid = {3CF70FDC-6B7D-49D0-8AAA-885336B1448B}
	EndGlobalSection
EndGlobal
